// !$*UTF8*$!
{
	archiveVersion = 1;
	classes = {
	};
	objectVersion = 46;
	objects = {

/* Begin PBXBuildFile section */
		DB0684DD1A8386E60088B600 /* PlayerInfoViewController.swift in Sources */ = {isa = PBXBuildFile; fileRef = DB0684DC1A8386E60088B600 /* PlayerInfoViewController.swift */; };
		DB0684E11A83AA6E0088B600 /* CareerTypeViewCell.swift in Sources */ = {isa = PBXBuildFile; fileRef = DB0684E01A83AA6E0088B600 /* CareerTypeViewCell.swift */; };
		DB0684E31A83AB9F0088B600 /* Player.swift in Sources */ = {isa = PBXBuildFile; fileRef = DB0684E21A83AB9F0088B600 /* Player.swift */; };
		DB0684E91A83B4260088B600 /* GenderViewCell.swift in Sources */ = {isa = PBXBuildFile; fileRef = DB0684E81A83B4260088B600 /* GenderViewCell.swift */; };
		DB0684EB1A83D3930088B600 /* PickCareerTypeViewController.swift in Sources */ = {isa = PBXBuildFile; fileRef = DB0684EA1A83D3930088B600 /* PickCareerTypeViewController.swift */; };
		DB0684ED1A83D9A20088B600 /* PickGenderViewController.swift in Sources */ = {isa = PBXBuildFile; fileRef = DB0684EC1A83D9A20088B600 /* PickGenderViewController.swift */; };
		DBB70EEA1A8341B900132A3D /* AppDelegate.swift in Sources */ = {isa = PBXBuildFile; fileRef = DBB70EE91A8341B900132A3D /* AppDelegate.swift */; };
		DBB70EEF1A8341B900132A3D /* Main.storyboard in Resources */ = {isa = PBXBuildFile; fileRef = DBB70EED1A8341B900132A3D /* Main.storyboard */; };
		DBB70EF11A8341B900132A3D /* Images.xcassets in Resources */ = {isa = PBXBuildFile; fileRef = DBB70EF01A8341B900132A3D /* Images.xcassets */; };
		DBB70EF41A8341B900132A3D /* LaunchScreen.xib in Resources */ = {isa = PBXBuildFile; fileRef = DBB70EF21A8341B900132A3D /* LaunchScreen.xib */; };
		DBB70F001A8341B900132A3D /* TheCareer2Tests.swift in Sources */ = {isa = PBXBuildFile; fileRef = DBB70EFF1A8341B900132A3D /* TheCareer2Tests.swift */; };
		DBB70F0D1A8348BB00132A3D /* MyRootViewController.swift in Sources */ = {isa = PBXBuildFile; fileRef = DBB70F0C1A8348BB00132A3D /* MyRootViewController.swift */; };
		DBB70F141A834B2800132A3D /* MenuViewCell.swift in Sources */ = {isa = PBXBuildFile; fileRef = DBB70F131A834B2800132A3D /* MenuViewCell.swift */; };
		DBB70F181A83630600132A3D /* SomethingViewController.swift in Sources */ = {isa = PBXBuildFile; fileRef = DBB70F171A83630600132A3D /* SomethingViewController.swift */; };
		DBC7F4E81A849F2800BF46D6 /* OfficeViewController.swift in Sources */ = {isa = PBXBuildFile; fileRef = DBC7F4E71A849F2800BF46D6 /* OfficeViewController.swift */; };
		DBC7F4EA1A849F3D00BF46D6 /* GameEvents.swift in Sources */ = {isa = PBXBuildFile; fileRef = DBC7F4E91A849F3D00BF46D6 /* GameEvents.swift */; };
		DBC7F4EE1A84A96D00BF46D6 /* SinglePropertyViewCell.swift in Sources */ = {isa = PBXBuildFile; fileRef = DBC7F4ED1A84A96D00BF46D6 /* SinglePropertyViewCell.swift */; };
		DBC7F4F01A84B1EE00BF46D6 /* OfficeWorkViewController.swift in Sources */ = {isa = PBXBuildFile; fileRef = DBC7F4EF1A84B1EE00BF46D6 /* OfficeWorkViewController.swift */; };
		DBC7F4F41A84C05700BF46D6 /* EventProto.swift in Sources */ = {isa = PBXBuildFile; fileRef = DBC7F4F31A84C05700BF46D6 /* EventProto.swift */; };
		DBC7F4F61A84FD4A00BF46D6 /* OfficeEvents.swift in Sources */ = {isa = PBXBuildFile; fileRef = DBC7F4F51A84FD4A00BF46D6 /* OfficeEvents.swift */; };
		DBC7F4F91A85005800BF46D6 /* SportsEvent.swift in Sources */ = {isa = PBXBuildFile; fileRef = DBC7F4F81A85005800BF46D6 /* SportsEvent.swift */; };
		DBC7F4FC1A85056100BF46D6 /* SportsFieldViewController.swift in Sources */ = {isa = PBXBuildFile; fileRef = DBC7F4FB1A85056100BF46D6 /* SportsFieldViewController.swift */; };
/* End PBXBuildFile section */

/* Begin PBXContainerItemProxy section */
		DBB70EFA1A8341B900132A3D /* PBXContainerItemProxy */ = {
			isa = PBXContainerItemProxy;
			containerPortal = DBB70EDC1A8341B900132A3D /* Project object */;
			proxyType = 1;
			remoteGlobalIDString = DBB70EE31A8341B900132A3D;
			remoteInfo = TheCareer2;
		};
/* End PBXContainerItemProxy section */

/* Begin PBXFileReference section */
		DB0684DC1A8386E60088B600 /* PlayerInfoViewController.swift */ = {isa = PBXFileReference; fileEncoding = 4; lastKnownFileType = sourcecode.swift; path = PlayerInfoViewController.swift; sourceTree = "<group>"; };
		DB0684E01A83AA6E0088B600 /* CareerTypeViewCell.swift */ = {isa = PBXFileReference; fileEncoding = 4; lastKnownFileType = sourcecode.swift; path = CareerTypeViewCell.swift; sourceTree = "<group>"; };
		DB0684E21A83AB9F0088B600 /* Player.swift */ = {isa = PBXFileReference; fileEncoding = 4; lastKnownFileType = sourcecode.swift; name = Player.swift; path = Model/Player.swift; sourceTree = "<group>"; };
		DB0684E81A83B4260088B600 /* GenderViewCell.swift */ = {isa = PBXFileReference; fileEncoding = 4; lastKnownFileType = sourcecode.swift; path = GenderViewCell.swift; sourceTree = "<group>"; };
		DB0684EA1A83D3930088B600 /* PickCareerTypeViewController.swift */ = {isa = PBXFileReference; fileEncoding = 4; lastKnownFileType = sourcecode.swift; path = PickCareerTypeViewController.swift; sourceTree = "<group>"; };
		DB0684EC1A83D9A20088B600 /* PickGenderViewController.swift */ = {isa = PBXFileReference; fileEncoding = 4; lastKnownFileType = sourcecode.swift; path = PickGenderViewController.swift; sourceTree = "<group>"; };
		DBB70EE41A8341B900132A3D /* TheCareer2.app */ = {isa = PBXFileReference; explicitFileType = wrapper.application; includeInIndex = 0; path = TheCareer2.app; sourceTree = BUILT_PRODUCTS_DIR; };
		DBB70EE81A8341B900132A3D /* Info.plist */ = {isa = PBXFileReference; lastKnownFileType = text.plist.xml; path = Info.plist; sourceTree = "<group>"; };
		DBB70EE91A8341B900132A3D /* AppDelegate.swift */ = {isa = PBXFileReference; lastKnownFileType = sourcecode.swift; path = AppDelegate.swift; sourceTree = "<group>"; };
		DBB70EEE1A8341B900132A3D /* Base */ = {isa = PBXFileReference; lastKnownFileType = file.storyboard; name = Base; path = Base.lproj/Main.storyboard; sourceTree = "<group>"; };
		DBB70EF01A8341B900132A3D /* Images.xcassets */ = {isa = PBXFileReference; lastKnownFileType = folder.assetcatalog; path = Images.xcassets; sourceTree = "<group>"; };
		DBB70EF31A8341B900132A3D /* Base */ = {isa = PBXFileReference; lastKnownFileType = file.xib; name = Base; path = Base.lproj/LaunchScreen.xib; sourceTree = "<group>"; };
		DBB70EF91A8341B900132A3D /* TheCareer2Tests.xctest */ = {isa = PBXFileReference; explicitFileType = wrapper.cfbundle; includeInIndex = 0; path = TheCareer2Tests.xctest; sourceTree = BUILT_PRODUCTS_DIR; };
		DBB70EFE1A8341B900132A3D /* Info.plist */ = {isa = PBXFileReference; lastKnownFileType = text.plist.xml; path = Info.plist; sourceTree = "<group>"; };
		DBB70EFF1A8341B900132A3D /* TheCareer2Tests.swift */ = {isa = PBXFileReference; lastKnownFileType = sourcecode.swift; path = TheCareer2Tests.swift; sourceTree = "<group>"; };
		DBB70F0C1A8348BB00132A3D /* MyRootViewController.swift */ = {isa = PBXFileReference; fileEncoding = 4; lastKnownFileType = sourcecode.swift; path = MyRootViewController.swift; sourceTree = "<group>"; };
		DBB70F131A834B2800132A3D /* MenuViewCell.swift */ = {isa = PBXFileReference; fileEncoding = 4; lastKnownFileType = sourcecode.swift; path = MenuViewCell.swift; sourceTree = "<group>"; };
		DBB70F171A83630600132A3D /* SomethingViewController.swift */ = {isa = PBXFileReference; fileEncoding = 4; lastKnownFileType = sourcecode.swift; path = SomethingViewController.swift; sourceTree = "<group>"; };
		DBC7F4E71A849F2800BF46D6 /* OfficeViewController.swift */ = {isa = PBXFileReference; fileEncoding = 4; lastKnownFileType = sourcecode.swift; path = OfficeViewController.swift; sourceTree = "<group>"; };
		DBC7F4E91A849F3D00BF46D6 /* GameEvents.swift */ = {isa = PBXFileReference; fileEncoding = 4; lastKnownFileType = sourcecode.swift; name = GameEvents.swift; path = Model/GameEvents.swift; sourceTree = "<group>"; };
		DBC7F4ED1A84A96D00BF46D6 /* SinglePropertyViewCell.swift */ = {isa = PBXFileReference; fileEncoding = 4; lastKnownFileType = sourcecode.swift; path = SinglePropertyViewCell.swift; sourceTree = "<group>"; };
		DBC7F4EF1A84B1EE00BF46D6 /* OfficeWorkViewController.swift */ = {isa = PBXFileReference; fileEncoding = 4; lastKnownFileType = sourcecode.swift; path = OfficeWorkViewController.swift; sourceTree = "<group>"; };
		DBC7F4F31A84C05700BF46D6 /* EventProto.swift */ = {isa = PBXFileReference; fileEncoding = 4; lastKnownFileType = sourcecode.swift; name = EventProto.swift; path = Model/EventProto.swift; sourceTree = "<group>"; };
		DBC7F4F51A84FD4A00BF46D6 /* OfficeEvents.swift */ = {isa = PBXFileReference; fileEncoding = 4; lastKnownFileType = sourcecode.swift; name = OfficeEvents.swift; path = Model/OfficeEvents.swift; sourceTree = "<group>"; };
		DBC7F4F81A85005800BF46D6 /* SportsEvent.swift */ = {isa = PBXFileReference; fileEncoding = 4; lastKnownFileType = sourcecode.swift; name = SportsEvent.swift; path = Model/SportsEvent.swift; sourceTree = "<group>"; };
		DBC7F4FB1A85056100BF46D6 /* SportsFieldViewController.swift */ = {isa = PBXFileReference; fileEncoding = 4; lastKnownFileType = sourcecode.swift; path = SportsFieldViewController.swift; sourceTree = "<group>"; };
/* End PBXFileReference section */

/* Begin PBXFrameworksBuildPhase section */
		DBB70EE11A8341B900132A3D /* Frameworks */ = {
			isa = PBXFrameworksBuildPhase;
			buildActionMask = 2147483647;
			files = (
			);
			runOnlyForDeploymentPostprocessing = 0;
		};
		DBB70EF61A8341B900132A3D /* Frameworks */ = {
			isa = PBXFrameworksBuildPhase;
			buildActionMask = 2147483647;
			files = (
			);
			runOnlyForDeploymentPostprocessing = 0;
		};
/* End PBXFrameworksBuildPhase section */

/* Begin PBXGroup section */
		DBB70EDB1A8341B900132A3D = {
			isa = PBXGroup;
			children = (
				DBB70EE61A8341B900132A3D /* TheCareer2 */,
				DBB70EFC1A8341B900132A3D /* TheCareer2Tests */,
				DBB70EE51A8341B900132A3D /* Products */,
			);
			sourceTree = "<group>";
		};
		DBB70EE51A8341B900132A3D /* Products */ = {
			isa = PBXGroup;
			children = (
				DBB70EE41A8341B900132A3D /* TheCareer2.app */,
				DBB70EF91A8341B900132A3D /* TheCareer2Tests.xctest */,
			);
			name = Products;
			sourceTree = "<group>";
		};
		DBB70EE61A8341B900132A3D /* TheCareer2 */ = {
			isa = PBXGroup;
			children = (
				DBB70F0E1A83492D00132A3D /* Model */,
				DBB70F091A83460600132A3D /* View */,
				DBB70EE91A8341B900132A3D /* AppDelegate.swift */,
				DBB70EED1A8341B900132A3D /* Main.storyboard */,
				DBB70EF01A8341B900132A3D /* Images.xcassets */,
				DBB70EF21A8341B900132A3D /* LaunchScreen.xib */,
				DBB70EE71A8341B900132A3D /* Supporting Files */,
			);
			path = TheCareer2;
			sourceTree = "<group>";
		};
		DBB70EE71A8341B900132A3D /* Supporting Files */ = {
			isa = PBXGroup;
			children = (
				DBB70EE81A8341B900132A3D /* Info.plist */,
			);
			name = "Supporting Files";
			sourceTree = "<group>";
		};
		DBB70EFC1A8341B900132A3D /* TheCareer2Tests */ = {
			isa = PBXGroup;
			children = (
				DBB70EFF1A8341B900132A3D /* TheCareer2Tests.swift */,
				DBB70EFD1A8341B900132A3D /* Supporting Files */,
			);
			path = TheCareer2Tests;
			sourceTree = "<group>";
		};
		DBB70EFD1A8341B900132A3D /* Supporting Files */ = {
			isa = PBXGroup;
			children = (
				DBB70EFE1A8341B900132A3D /* Info.plist */,
			);
			name = "Supporting Files";
			sourceTree = "<group>";
		};
		DBB70F091A83460600132A3D /* View */ = {
			isa = PBXGroup;
			children = (
				DBC7F4F21A84BE0700BF46D6 /* Controller */,
				DBC7F4F11A84BA9100BF46D6 /* Cell */,
			);
			name = View;
			sourceTree = "<group>";
		};
		DBB70F0E1A83492D00132A3D /* Model */ = {
			isa = PBXGroup;
			children = (
				DBC7F4F71A84FE1000BF46D6 /* Config */,
				DB0684E21A83AB9F0088B600 /* Player.swift */,
				DBC7F4E91A849F3D00BF46D6 /* GameEvents.swift */,
				DBC7F4F31A84C05700BF46D6 /* EventProto.swift */,
			);
			name = Model;
			sourceTree = "<group>";
		};
		DBC7F4F11A84BA9100BF46D6 /* Cell */ = {
			isa = PBXGroup;
			children = (
				DBC7F4ED1A84A96D00BF46D6 /* SinglePropertyViewCell.swift */,
				DB0684E81A83B4260088B600 /* GenderViewCell.swift */,
				DB0684E01A83AA6E0088B600 /* CareerTypeViewCell.swift */,
				DBB70F131A834B2800132A3D /* MenuViewCell.swift */,
			);
			name = Cell;
			sourceTree = "<group>";
		};
		DBC7F4F21A84BE0700BF46D6 /* Controller */ = {
			isa = PBXGroup;
			children = (
				DBC7F4FA1A85054100BF46D6 /* Scene */,
				DBB70F0C1A8348BB00132A3D /* MyRootViewController.swift */,
				DBB70F171A83630600132A3D /* SomethingViewController.swift */,
				DB0684DC1A8386E60088B600 /* PlayerInfoViewController.swift */,
				DB0684EA1A83D3930088B600 /* PickCareerTypeViewController.swift */,
				DB0684EC1A83D9A20088B600 /* PickGenderViewController.swift */,
				DBC7F4E71A849F2800BF46D6 /* OfficeViewController.swift */,
			);
			name = Controller;
			sourceTree = "<group>";
		};
		DBC7F4F71A84FE1000BF46D6 /* Config */ = {
			isa = PBXGroup;
			children = (
				DBC7F4F51A84FD4A00BF46D6 /* OfficeEvents.swift */,
				DBC7F4F81A85005800BF46D6 /* SportsEvent.swift */,
			);
			name = Config;
			sourceTree = "<group>";
		};
		DBC7F4FA1A85054100BF46D6 /* Scene */ = {
			isa = PBXGroup;
			children = (
				DBC7F4EF1A84B1EE00BF46D6 /* OfficeWorkViewController.swift */,
				DBC7F4FB1A85056100BF46D6 /* SportsFieldViewController.swift */,
			);
			name = Scene;
			sourceTree = "<group>";
		};
/* End PBXGroup section */

/* Begin PBXNativeTarget section */
		DBB70EE31A8341B900132A3D /* TheCareer2 */ = {
			isa = PBXNativeTarget;
			buildConfigurationList = DBB70F031A8341B900132A3D /* Build configuration list for PBXNativeTarget "TheCareer2" */;
			buildPhases = (
				DBB70EE01A8341B900132A3D /* Sources */,
				DBB70EE11A8341B900132A3D /* Frameworks */,
				DBB70EE21A8341B900132A3D /* Resources */,
			);
			buildRules = (
			);
			dependencies = (
			);
			name = TheCareer2;
			productName = TheCareer2;
			productReference = DBB70EE41A8341B900132A3D /* TheCareer2.app */;
			productType = "com.apple.product-type.application";
		};
		DBB70EF81A8341B900132A3D /* TheCareer2Tests */ = {
			isa = PBXNativeTarget;
			buildConfigurationList = DBB70F061A8341B900132A3D /* Build configuration list for PBXNativeTarget "TheCareer2Tests" */;
			buildPhases = (
				DBB70EF51A8341B900132A3D /* Sources */,
				DBB70EF61A8341B900132A3D /* Frameworks */,
				DBB70EF71A8341B900132A3D /* Resources */,
			);
			buildRules = (
			);
			dependencies = (
				DBB70EFB1A8341B900132A3D /* PBXTargetDependency */,
			);
			name = TheCareer2Tests;
			productName = TheCareer2Tests;
			productReference = DBB70EF91A8341B900132A3D /* TheCareer2Tests.xctest */;
			productType = "com.apple.product-type.bundle.unit-test";
		};
/* End PBXNativeTarget section */

/* Begin PBXProject section */
		DBB70EDC1A8341B900132A3D /* Project object */ = {
			isa = PBXProject;
			attributes = {
				LastUpgradeCheck = 0610;
				ORGANIZATIONNAME = haigamehouse;
				TargetAttributes = {
					DBB70EE31A8341B900132A3D = {
						CreatedOnToolsVersion = 6.1.1;
					};
					DBB70EF81A8341B900132A3D = {
						CreatedOnToolsVersion = 6.1.1;
						TestTargetID = DBB70EE31A8341B900132A3D;
					};
				};
			};
			buildConfigurationList = DBB70EDF1A8341B900132A3D /* Build configuration list for PBXProject "TheCareer2" */;
			compatibilityVersion = "Xcode 3.2";
			developmentRegion = English;
			hasScannedForEncodings = 0;
			knownRegions = (
				en,
				Base,
			);
			mainGroup = DBB70EDB1A8341B900132A3D;
			productRefGroup = DBB70EE51A8341B900132A3D /* Products */;
			projectDirPath = "";
			projectRoot = "";
			targets = (
				DBB70EE31A8341B900132A3D /* TheCareer2 */,
				DBB70EF81A8341B900132A3D /* TheCareer2Tests */,
			);
		};
/* End PBXProject section */

/* Begin PBXResourcesBuildPhase section */
		DBB70EE21A8341B900132A3D /* Resources */ = {
			isa = PBXResourcesBuildPhase;
			buildActionMask = 2147483647;
			files = (
				DBB70EEF1A8341B900132A3D /* Main.storyboard in Resources */,
				DBB70EF41A8341B900132A3D /* LaunchScreen.xib in Resources */,
				DBB70EF11A8341B900132A3D /* Images.xcassets in Resources */,
			);
			runOnlyForDeploymentPostprocessing = 0;
		};
		DBB70EF71A8341B900132A3D /* Resources */ = {
			isa = PBXResourcesBuildPhase;
			buildActionMask = 2147483647;
			files = (
			);
			runOnlyForDeploymentPostprocessing = 0;
		};
/* End PBXResourcesBuildPhase section */

/* Begin PBXSourcesBuildPhase section */
		DBB70EE01A8341B900132A3D /* Sources */ = {
			isa = PBXSourcesBuildPhase;
			buildActionMask = 2147483647;
			files = (
				DBC7F4EA1A849F3D00BF46D6 /* GameEvents.swift in Sources */,
				DBC7F4F41A84C05700BF46D6 /* EventProto.swift in Sources */,
				DBC7F4E81A849F2800BF46D6 /* OfficeViewController.swift in Sources */,
				DBB70F181A83630600132A3D /* SomethingViewController.swift in Sources */,
				DBC7F4F01A84B1EE00BF46D6 /* OfficeWorkViewController.swift in Sources */,
				DB0684EB1A83D3930088B600 /* PickCareerTypeViewController.swift in Sources */,
				DBC7F4F61A84FD4A00BF46D6 /* OfficeEvents.swift in Sources */,
				DB0684DD1A8386E60088B600 /* PlayerInfoViewController.swift in Sources */,
				DB0684E11A83AA6E0088B600 /* CareerTypeViewCell.swift in Sources */,
				DB0684E31A83AB9F0088B600 /* Player.swift in Sources */,
				DBC7F4F91A85005800BF46D6 /* SportsEvent.swift in Sources */,
				DBB70F141A834B2800132A3D /* MenuViewCell.swift in Sources */,
				DBC7F4FC1A85056100BF46D6 /* SportsFieldViewController.swift in Sources */,
				DBB70EEA1A8341B900132A3D /* AppDelegate.swift in Sources */,
				DB0684E91A83B4260088B600 /* GenderViewCell.swift in Sources */,
				DBC7F4EE1A84A96D00BF46D6 /* SinglePropertyViewCell.swift in Sources */,
				DBB70F0D1A8348BB00132A3D /* MyRootViewController.swift in Sources */,
				DB0684ED1A83D9A20088B600 /* PickGenderViewController.swift in Sources */,
			);
			runOnlyForDeploymentPostprocessing = 0;
		};
		DBB70EF51A8341B900132A3D /* Sources */ = {
			isa = PBXSourcesBuildPhase;
			buildActionMask = 2147483647;
			files = (
				DBB70F001A8341B900132A3D /* TheCareer2Tests.swift in Sources */,
			);
			runOnlyForDeploymentPostprocessing = 0;
		};
/* End PBXSourcesBuildPhase section */

/* Begin PBXTargetDependency section */
		DBB70EFB1A8341B900132A3D /* PBXTargetDependency */ = {
			isa = PBXTargetDependency;
			target = DBB70EE31A8341B900132A3D /* TheCareer2 */;
			targetProxy = DBB70EFA1A8341B900132A3D /* PBXContainerItemProxy */;
		};
/* End PBXTargetDependency section */

/* Begin PBXVariantGroup section */
		DBB70EED1A8341B900132A3D /* Main.storyboard */ = {
			isa = PBXVariantGroup;
			children = (
				DBB70EEE1A8341B900132A3D /* Base */,
			);
			name = Main.storyboard;
			sourceTree = "<group>";
		};
		DBB70EF21A8341B900132A3D /* LaunchScreen.xib */ = {
			isa = PBXVariantGroup;
			children = (
				DBB70EF31A8341B900132A3D /* Base */,
			);
			name = LaunchScreen.xib;
			sourceTree = "<group>";
		};
/* End PBXVariantGroup section */

/* Begin XCBuildConfiguration section */
		DBB70F011A8341B900132A3D /* Debug */ = {
			isa = XCBuildConfiguration;
			buildSettings = {
				ALWAYS_SEARCH_USER_PATHS = NO;
				CLANG_CXX_LANGUAGE_STANDARD = "gnu++0x";
				CLANG_CXX_LIBRARY = "libc++";
				CLANG_ENABLE_MODULES = YES;
				CLANG_ENABLE_OBJC_ARC = YES;
				CLANG_WARN_BOOL_CONVERSION = YES;
				CLANG_WARN_CONSTANT_CONVERSION = YES;
				CLANG_WARN_DIRECT_OBJC_ISA_USAGE = YES_ERROR;
				CLANG_WARN_EMPTY_BODY = YES;
				CLANG_WARN_ENUM_CONVERSION = YES;
				CLANG_WARN_INT_CONVERSION = YES;
				CLANG_WARN_OBJC_ROOT_CLASS = YES_ERROR;
				CLANG_WARN_UNREACHABLE_CODE = YES;
				CLANG_WARN__DUPLICATE_METHOD_MATCH = YES;
				"CODE_SIGN_IDENTITY[sdk=iphoneos*]" = "iPhone Developer";
				COPY_PHASE_STRIP = NO;
				ENABLE_STRICT_OBJC_MSGSEND = YES;
				GCC_C_LANGUAGE_STANDARD = gnu99;
				GCC_DYNAMIC_NO_PIC = NO;
				GCC_OPTIMIZATION_LEVEL = 0;
				GCC_PREPROCESSOR_DEFINITIONS = (
					"DEBUG=1",
					"$(inherited)",
				);
				GCC_SYMBOLS_PRIVATE_EXTERN = NO;
				GCC_WARN_64_TO_32_BIT_CONVERSION = YES;
				GCC_WARN_ABOUT_RETURN_TYPE = YES_ERROR;
				GCC_WARN_UNDECLARED_SELECTOR = YES;
				GCC_WARN_UNINITIALIZED_AUTOS = YES_AGGRESSIVE;
				GCC_WARN_UNUSED_FUNCTION = YES;
				GCC_WARN_UNUSED_VARIABLE = YES;
				IPHONEOS_DEPLOYMENT_TARGET = 8.1;
				MTL_ENABLE_DEBUG_INFO = YES;
				ONLY_ACTIVE_ARCH = YES;
				SDKROOT = iphoneos;
				SWIFT_OPTIMIZATION_LEVEL = "-Onone";
			};
			name = Debug;
		};
		DBB70F021A8341B900132A3D /* Release */ = {
			isa = XCBuildConfiguration;
			buildSettings = {
				ALWAYS_SEARCH_USER_PATHS = NO;
				CLANG_CXX_LANGUAGE_STANDARD = "gnu++0x";
				CLANG_CXX_LIBRARY = "libc++";
				CLANG_ENABLE_MODULES = YES;
				CLANG_ENABLE_OBJC_ARC = YES;
				CLANG_WARN_BOOL_CONVERSION = YES;
				CLANG_WARN_CONSTANT_CONVERSION = YES;
				CLANG_WARN_DIRECT_OBJC_ISA_USAGE = YES_ERROR;
				CLANG_WARN_EMPTY_BODY = YES;
				CLANG_WARN_ENUM_CONVERSION = YES;
				CLANG_WARN_INT_CONVERSION = YES;
				CLANG_WARN_OBJC_ROOT_CLASS = YES_ERROR;
				CLANG_WARN_UNREACHABLE_CODE = YES;
				CLANG_WARN__DUPLICATE_METHOD_MATCH = YES;
				"CODE_SIGN_IDENTITY[sdk=iphoneos*]" = "iPhone Developer";
				COPY_PHASE_STRIP = YES;
				ENABLE_NS_ASSERTIONS = NO;
				ENABLE_STRICT_OBJC_MSGSEND = YES;
				GCC_C_LANGUAGE_STANDARD = gnu99;
				GCC_WARN_64_TO_32_BIT_CONVERSION = YES;
				GCC_WARN_ABOUT_RETURN_TYPE = YES_ERROR;
				GCC_WARN_UNDECLARED_SELECTOR = YES;
				GCC_WARN_UNINITIALIZED_AUTOS = YES_AGGRESSIVE;
				GCC_WARN_UNUSED_FUNCTION = YES;
				GCC_WARN_UNUSED_VARIABLE = YES;
				IPHONEOS_DEPLOYMENT_TARGET = 8.1;
				MTL_ENABLE_DEBUG_INFO = NO;
				SDKROOT = iphoneos;
				VALIDATE_PRODUCT = YES;
			};
			name = Release;
		};
		DBB70F041A8341B900132A3D /* Debug */ = {
			isa = XCBuildConfiguration;
			buildSettings = {
				ASSETCATALOG_COMPILER_APPICON_NAME = AppIcon;
				INFOPLIST_FILE = TheCareer2/Info.plist;
				LD_RUNPATH_SEARCH_PATHS = "$(inherited) @executable_path/Frameworks";
				PRODUCT_NAME = "$(TARGET_NAME)";
			};
			name = Debug;
		};
		DBB70F051A8341B900132A3D /* Release */ = {
			isa = XCBuildConfiguration;
			buildSettings = {
				ASSETCATALOG_COMPILER_APPICON_NAME = AppIcon;
				INFOPLIST_FILE = TheCareer2/Info.plist;
				LD_RUNPATH_SEARCH_PATHS = "$(inherited) @executable_path/Frameworks";
				PRODUCT_NAME = "$(TARGET_NAME)";
			};
			name = Release;
		};
		DBB70F071A8341B900132A3D /* Debug */ = {
			isa = XCBuildConfiguration;
			buildSettings = {
				BUNDLE_LOADER = "$(TEST_HOST)";
				FRAMEWORK_SEARCH_PATHS = (
					"$(SDKROOT)/Developer/Library/Frameworks",
					"$(inherited)",
				);
				GCC_PREPROCESSOR_DEFINITIONS = (
					"DEBUG=1",
					"$(inherited)",
				);
				INFOPLIST_FILE = TheCareer2Tests/Info.plist;
				LD_RUNPATH_SEARCH_PATHS = "$(inherited) @executable_path/Frameworks @loader_path/Frameworks";
				PRODUCT_NAME = "$(TARGET_NAME)";
				TEST_HOST = "$(BUILT_PRODUCTS_DIR)/TheCareer2.app/TheCareer2";
			};
			name = Debug;
		};
		DBB70F081A8341B900132A3D /* Release */ = {
			isa = XCBuildConfiguration;
			buildSettings = {
				BUNDLE_LOADER = "$(TEST_HOST)";
				FRAMEWORK_SEARCH_PATHS = (
					"$(SDKROOT)/Developer/Library/Frameworks",
					"$(inherited)",
				);
				INFOPLIST_FILE = TheCareer2Tests/Info.plist;
				LD_RUNPATH_SEARCH_PATHS = "$(inherited) @executable_path/Frameworks @loader_path/Frameworks";
				PRODUCT_NAME = "$(TARGET_NAME)";
				TEST_HOST = "$(BUILT_PRODUCTS_DIR)/TheCareer2.app/TheCareer2";
			};
			name = Release;
		};
/* End XCBuildConfiguration section */

/* Begin XCConfigurationList section */
		DBB70EDF1A8341B900132A3D /* Build configuration list for PBXProject "TheCareer2" */ = {
			isa = XCConfigurationList;
			buildConfigurations = (
				DBB70F011A8341B900132A3D /* Debug */,
				DBB70F021A8341B900132A3D /* Release */,
			);
			defaultConfigurationIsVisible = 0;
			defaultConfigurationName = Release;
		};
		DBB70F031A8341B900132A3D /* Build configuration list for PBXNativeTarget "TheCareer2" */ = {
			isa = XCConfigurationList;
			buildConfigurations = (
				DBB70F041A8341B900132A3D /* Debug */,
				DBB70F051A8341B900132A3D /* Release */,
			);
			defaultConfigurationIsVisible = 0;
			defaultConfigurationName = Release;
		};
		DBB70F061A8341B900132A3D /* Build configuration list for PBXNativeTarget "TheCareer2Tests" */ = {
			isa = XCConfigurationList;
			buildConfigurations = (
				DBB70F071A8341B900132A3D /* Debug */,
				DBB70F081A8341B900132A3D /* Release */,
			);
			defaultConfigurationIsVisible = 0;
			defaultConfigurationName = Release;
		};
/* End XCConfigurationList section */
	};
	rootObject = DBB70EDC1A8341B900132A3D /* Project object */;
}
